
Microsoft Visual Studio Solution File, Format Version 12.00
# Visual Studio Version 16
VisualStudioVersion = 16.0.31205.134
MinimumVisualStudioVersion = 10.0.40219.1
Project("{9A19103F-16F7-4668-BE54-9A1E7A4F7556}") = "PosWebQLBH.BackendApi", "PosWebQLBH.WebApp\PosWebQLBH.BackendApi.csproj", "{80029073-8331-4FFF-9E6D-C9DCD0ED451E}"
EndProject
Project("{9A19103F-16F7-4668-BE54-9A1E7A4F7556}") = "PosWebQLBH.Data", "PosWebQLBH.Data\PosWebQLBH.Data.csproj", "{8C9749E1-1C78-4B82-B94B-FC6CDA01E1E5}"
EndProject
Project("{9A19103F-16F7-4668-BE54-9A1E7A4F7556}") = "PosWebQLBH.Application", "PosWebQLBH.Application\PosWebQLBH.Application.csproj", "{5C7A0412-761E-4903-8F96-E9DA733269D7}"
EndProject
Project("{9A19103F-16F7-4668-BE54-9A1E7A4F7556}") = "PosWebQLBH.ViewModels", "PosWebQLBH.ViewModels\PosWebQLBH.ViewModels.csproj", "{38B871C4-44BA-43B5-A612-0220C2FD7899}"
EndProject
Project("{9A19103F-16F7-4668-BE54-9A1E7A4F7556}") = "PosWebQLBH.Utilities", "PosWebQLBH.Utilities\PosWebQLBH.Utilities.csproj", "{3588D4CC-4AA6-4FD5-B188-F357F05E37E6}"
EndProject
Project("{9A19103F-16F7-4668-BE54-9A1E7A4F7556}") = "PosWebQLBH.AdminApp", "PosWebQLBH.AdminApp\PosWebQLBH.AdminApp.csproj", "{D0804822-5CC3-49F8-B8F8-DA8EFBF9788A}"
EndProject
Project("{2150E333-8FDC-42A3-9474-1A3956D46DE8}") = "1. Infrastructure", "1. Infrastructure", "{BC905F33-9509-4163-A775-7E382AAE0B54}"
EndProject
Project("{2150E333-8FDC-42A3-9474-1A3956D46DE8}") = "2. Domain", "2. Domain", "{8A6A21B3-44A0-4394-AA07-099B3C7678E1}"
EndProject
Project("{2150E333-8FDC-42A3-9474-1A3956D46DE8}") = "3. Hosts", "3. Hosts", "{E511E4C9-1374-4DD3-87B7-9F646D0911EC}"
EndProject
Project("{2150E333-8FDC-42A3-9474-1A3956D46DE8}") = "0. Solution Items", "0. Solution Items", "{C3236CE2-0BBA-4740-85F5-13F3D100F308}"
	ProjectSection(SolutionItems) = preProject
		Error-LoiChuaFix.txt = Error-LoiChuaFix.txt
		README.md = README.md
	EndProjectSection
EndProject
Project("{FAE04EC0-301F-11D3-BF4B-00C04F79EFBC}") = "PosWebQLBH.WebPOS", "PosWebQLBH.WebPOS\PosWebQLBH.WebPOS.csproj", "{8D265B09-AEC4-4DA7-ABB4-44273D3C98EE}"
EndProject
Global
	GlobalSection(SolutionConfigurationPlatforms) = preSolution
		Debug|Any CPU = Debug|Any CPU
		Release|Any CPU = Release|Any CPU
	EndGlobalSection
	GlobalSection(ProjectConfigurationPlatforms) = postSolution
		{80029073-8331-4FFF-9E6D-C9DCD0ED451E}.Debug|Any CPU.ActiveCfg = Debug|Any CPU
		{80029073-8331-4FFF-9E6D-C9DCD0ED451E}.Debug|Any CPU.Build.0 = Debug|Any CPU
		{80029073-8331-4FFF-9E6D-C9DCD0ED451E}.Release|Any CPU.ActiveCfg = Release|Any CPU
		{80029073-8331-4FFF-9E6D-C9DCD0ED451E}.Release|Any CPU.Build.0 = Release|Any CPU
		{8C9749E1-1C78-4B82-B94B-FC6CDA01E1E5}.Debug|Any CPU.ActiveCfg = Debug|Any CPU
		{8C9749E1-1C78-4B82-B94B-FC6CDA01E1E5}.Debug|Any CPU.Build.0 = Debug|Any CPU
		{8C9749E1-1C78-4B82-B94B-FC6CDA01E1E5}.Release|Any CPU.ActiveCfg = Release|Any CPU
		{8C9749E1-1C78-4B82-B94B-FC6CDA01E1E5}.Release|Any CPU.Build.0 = Release|Any CPU
		{5C7A0412-761E-4903-8F96-E9DA733269D7}.Debug|Any CPU.ActiveCfg = Debug|Any CPU
		{5C7A0412-761E-4903-8F96-E9DA733269D7}.Debug|Any CPU.Build.0 = Debug|Any CPU
		{5C7A0412-761E-4903-8F96-E9DA733269D7}.Release|Any CPU.ActiveCfg = Release|Any CPU
		{5C7A0412-761E-4903-8F96-E9DA733269D7}.Release|Any CPU.Build.0 = Release|Any CPU
		{38B871C4-44BA-43B5-A612-0220C2FD7899}.Debug|Any CPU.ActiveCfg = Debug|Any CPU
		{38B871C4-44BA-43B5-A612-0220C2FD7899}.Debug|Any CPU.Build.0 = Debug|Any CPU
		{38B871C4-44BA-43B5-A612-0220C2FD7899}.Release|Any CPU.ActiveCfg = Release|Any CPU
		{38B871C4-44BA-43B5-A612-0220C2FD7899}.Release|Any CPU.Build.0 = Release|Any CPU
		{3588D4CC-4AA6-4FD5-B188-F357F05E37E6}.Debug|Any CPU.ActiveCfg = Debug|Any CPU
		{3588D4CC-4AA6-4FD5-B188-F357F05E37E6}.Debug|Any CPU.Build.0 = Debug|Any CPU
		{3588D4CC-4AA6-4FD5-B188-F357F05E37E6}.Release|Any CPU.ActiveCfg = Release|Any CPU
		{3588D4CC-4AA6-4FD5-B188-F357F05E37E6}.Release|Any CPU.Build.0 = Release|Any CPU
		{D0804822-5CC3-49F8-B8F8-DA8EFBF9788A}.Debug|Any CPU.ActiveCfg = Debug|Any CPU
		{D0804822-5CC3-49F8-B8F8-DA8EFBF9788A}.Debug|Any CPU.Build.0 = Debug|Any CPU
		{D0804822-5CC3-49F8-B8F8-DA8EFBF9788A}.Release|Any CPU.ActiveCfg = Release|Any CPU
		{D0804822-5CC3-49F8-B8F8-DA8EFBF9788A}.Release|Any CPU.Build.0 = Release|Any CPU
		{8D265B09-AEC4-4DA7-ABB4-44273D3C98EE}.Debug|Any CPU.ActiveCfg = Debug|Any CPU
		{8D265B09-AEC4-4DA7-ABB4-44273D3C98EE}.Debug|Any CPU.Build.0 = Debug|Any CPU
		{8D265B09-AEC4-4DA7-ABB4-44273D3C98EE}.Release|Any CPU.ActiveCfg = Release|Any CPU
		{8D265B09-AEC4-4DA7-ABB4-44273D3C98EE}.Release|Any CPU.Build.0 = Release|Any CPU
	EndGlobalSection
	GlobalSection(SolutionProperties) = preSolution
		HideSolutionNode = FALSE
	EndGlobalSection
	GlobalSection(NestedProjects) = preSolution
		{80029073-8331-4FFF-9E6D-C9DCD0ED451E} = {E511E4C9-1374-4DD3-87B7-9F646D0911EC}
		{8C9749E1-1C78-4B82-B94B-FC6CDA01E1E5} = {8A6A21B3-44A0-4394-AA07-099B3C7678E1}
		{5C7A0412-761E-4903-8F96-E9DA733269D7} = {8A6A21B3-44A0-4394-AA07-099B3C7678E1}
		{38B871C4-44BA-43B5-A612-0220C2FD7899} = {BC905F33-9509-4163-A775-7E382AAE0B54}
		{3588D4CC-4AA6-4FD5-B188-F357F05E37E6} = {BC905F33-9509-4163-A775-7E382AAE0B54}
		{D0804822-5CC3-49F8-B8F8-DA8EFBF9788A} = {E511E4C9-1374-4DD3-87B7-9F646D0911EC}
	EndGlobalSection
	GlobalSection(ExtensibilityGlobals) = postSolution
		SolutionGuid = {B85FAC9D-F6EF-4A38-89FF-954D939463CD}
	EndGlobalSection
EndGlobal
